// !$*UTF8*$!
{
	archiveVersion = 1;
	classes = {
	};
	objectVersion = 50;
	objects = {

/* Begin PBXBuildFile section */
		DADFBAF222752ACC0058386A /* AppDelegate.swift in Sources */ = {isa = PBXBuildFile; fileRef = DADFBAF122752ACC0058386A /* AppDelegate.swift */; };
		DADFBAF422752ACC0058386A /* ViewController.swift in Sources */ = {isa = PBXBuildFile; fileRef = DADFBAF322752ACC0058386A /* ViewController.swift */; };
		DADFBAF722752ACC0058386A /* Main.storyboard in Resources */ = {isa = PBXBuildFile; fileRef = DADFBAF522752ACC0058386A /* Main.storyboard */; };
		DADFBAF922752ACD0058386A /* Assets.xcassets in Resources */ = {isa = PBXBuildFile; fileRef = DADFBAF822752ACD0058386A /* Assets.xcassets */; };
		DADFBAFC22752ACD0058386A /* LaunchScreen.storyboard in Resources */ = {isa = PBXBuildFile; fileRef = DADFBAFA22752ACD0058386A /* LaunchScreen.storyboard */; };
		DADFBB0722752ACD0058386A /* swiftCoursFinalProjTests.swift in Sources */ = {isa = PBXBuildFile; fileRef = DADFBB0622752ACD0058386A /* swiftCoursFinalProjTests.swift */; };
		DADFBB1222752ACD0058386A /* swiftCoursFinalProjUITests.swift in Sources */ = {isa = PBXBuildFile; fileRef = DADFBB1122752ACD0058386A /* swiftCoursFinalProjUITests.swift */; };
		DADFBB2022752BB10058386A /* BHUser.swift in Sources */ = {isa = PBXBuildFile; fileRef = DADFBB1F22752BB10058386A /* BHUser.swift */; };
		DADFBB2222752BD70058386A /* BHUsers.swift in Sources */ = {isa = PBXBuildFile; fileRef = DADFBB2122752BD70058386A /* BHUsers.swift */; };
		DADFBB2422752BE20058386A /* OfficeHour.swift in Sources */ = {isa = PBXBuildFile; fileRef = DADFBB2322752BE20058386A /* OfficeHour.swift */; };
		DADFBB2622752BEB0058386A /* OfficeHours.swift in Sources */ = {isa = PBXBuildFile; fileRef = DADFBB2522752BEA0058386A /* OfficeHours.swift */; };
		DADFBB2822752BF70058386A /* Course.swift in Sources */ = {isa = PBXBuildFile; fileRef = DADFBB2722752BF70058386A /* Course.swift */; };
		DADFBB2A22752BFF0058386A /* Courses.swift in Sources */ = {isa = PBXBuildFile; fileRef = DADFBB2922752BFF0058386A /* Courses.swift */; };
		DADFBB2C22752C1A0058386A /* CourseListVC.swift in Sources */ = {isa = PBXBuildFile; fileRef = DADFBB2B22752C1A0058386A /* CourseListVC.swift */; };
		DADFBB2E22752C400058386A /* CourseTableViewCell.swift in Sources */ = {isa = PBXBuildFile; fileRef = DADFBB2D22752C400058386A /* CourseTableViewCell.swift */; };
		DADFBB3022752C5D0058386A /* CourseDetailVC.swift in Sources */ = {isa = PBXBuildFile; fileRef = DADFBB2F22752C5D0058386A /* CourseDetailVC.swift */; };
		DADFBB3222752C8A0058386A /* HoursTableViewCell.swift in Sources */ = {isa = PBXBuildFile; fileRef = DADFBB3122752C8A0058386A /* HoursTableViewCell.swift */; };
		DADFBB3422752CA70058386A /* HoursTableViewController.swift in Sources */ = {isa = PBXBuildFile; fileRef = DADFBB3322752CA70058386A /* HoursTableViewController.swift */; };
		DADFBB3622752CCA0058386A /* HoursDetailVC.swift in Sources */ = {isa = PBXBuildFile; fileRef = DADFBB3522752CCA0058386A /* HoursDetailVC.swift */; };
		DADFBB3822752D140058386A /* BHUserListVC.swift in Sources */ = {isa = PBXBuildFile; fileRef = DADFBB3722752D140058386A /* BHUserListVC.swift */; };
		DADFBB3A22752D350058386A /* BHUserTableViewCell.swift in Sources */ = {isa = PBXBuildFile; fileRef = DADFBB3922752D350058386A /* BHUserTableViewCell.swift */; };
		DADFBB3C22752D590058386A /* UIView+addBorder.swift in Sources */ = {isa = PBXBuildFile; fileRef = DADFBB3B22752D590058386A /* UIView+addBorder.swift */; };
		DCF6F19D98B8CCA23B3DDDCA /* Pods_swiftCoursFinalProj.framework in Frameworks */ = {isa = PBXBuildFile; fileRef = 0886D916DB640D21880815C6 /* Pods_swiftCoursFinalProj.framework */; };
/* End PBXBuildFile section */

/* Begin PBXContainerItemProxy section */
		DADFBB0322752ACD0058386A /* PBXContainerItemProxy */ = {
			isa = PBXContainerItemProxy;
			containerPortal = DADFBAE622752ACC0058386A /* Project object */;
			proxyType = 1;
			remoteGlobalIDString = DADFBAED22752ACC0058386A;
			remoteInfo = swiftCoursFinalProj;
		};
		DADFBB0E22752ACD0058386A /* PBXContainerItemProxy */ = {
			isa = PBXContainerItemProxy;
			containerPortal = DADFBAE622752ACC0058386A /* Project object */;
			proxyType = 1;
			remoteGlobalIDString = DADFBAED22752ACC0058386A;
			remoteInfo = swiftCoursFinalProj;
		};
/* End PBXContainerItemProxy section */

/* Begin PBXFileReference section */
		0886D916DB640D21880815C6 /* Pods_swiftCoursFinalProj.framework */ = {isa = PBXFileReference; explicitFileType = wrapper.framework; includeInIndex = 0; path = Pods_swiftCoursFinalProj.framework; sourceTree = BUILT_PRODUCTS_DIR; };
		D1B985869CC1F980408D29D1 /* Pods-swiftCoursFinalProj.release.xcconfig */ = {isa = PBXFileReference; includeInIndex = 1; lastKnownFileType = text.xcconfig; name = "Pods-swiftCoursFinalProj.release.xcconfig"; path = "Target Support Files/Pods-swiftCoursFinalProj/Pods-swiftCoursFinalProj.release.xcconfig"; sourceTree = "<group>"; };
		DADFBAEE22752ACC0058386A /* swiftCoursFinalProj.app */ = {isa = PBXFileReference; explicitFileType = wrapper.application; includeInIndex = 0; path = swiftCoursFinalProj.app; sourceTree = BUILT_PRODUCTS_DIR; };
		DADFBAF122752ACC0058386A /* AppDelegate.swift */ = {isa = PBXFileReference; lastKnownFileType = sourcecode.swift; path = AppDelegate.swift; sourceTree = "<group>"; };
		DADFBAF322752ACC0058386A /* ViewController.swift */ = {isa = PBXFileReference; lastKnownFileType = sourcecode.swift; path = ViewController.swift; sourceTree = "<group>"; };
		DADFBAF622752ACC0058386A /* Base */ = {isa = PBXFileReference; lastKnownFileType = file.storyboard; name = Base; path = Base.lproj/Main.storyboard; sourceTree = "<group>"; };
		DADFBAF822752ACD0058386A /* Assets.xcassets */ = {isa = PBXFileReference; lastKnownFileType = folder.assetcatalog; path = Assets.xcassets; sourceTree = "<group>"; };
		DADFBAFB22752ACD0058386A /* Base */ = {isa = PBXFileReference; lastKnownFileType = file.storyboard; name = Base; path = Base.lproj/LaunchScreen.storyboard; sourceTree = "<group>"; };
		DADFBAFD22752ACD0058386A /* Info.plist */ = {isa = PBXFileReference; lastKnownFileType = text.plist.xml; path = Info.plist; sourceTree = "<group>"; };
		DADFBB0222752ACD0058386A /* swiftCoursFinalProjTests.xctest */ = {isa = PBXFileReference; explicitFileType = wrapper.cfbundle; includeInIndex = 0; path = swiftCoursFinalProjTests.xctest; sourceTree = BUILT_PRODUCTS_DIR; };
		DADFBB0622752ACD0058386A /* swiftCoursFinalProjTests.swift */ = {isa = PBXFileReference; lastKnownFileType = sourcecode.swift; path = swiftCoursFinalProjTests.swift; sourceTree = "<group>"; };
		DADFBB0822752ACD0058386A /* Info.plist */ = {isa = PBXFileReference; lastKnownFileType = text.plist.xml; path = Info.plist; sourceTree = "<group>"; };
		DADFBB0D22752ACD0058386A /* swiftCoursFinalProjUITests.xctest */ = {isa = PBXFileReference; explicitFileType = wrapper.cfbundle; includeInIndex = 0; path = swiftCoursFinalProjUITests.xctest; sourceTree = BUILT_PRODUCTS_DIR; };
		DADFBB1122752ACD0058386A /* swiftCoursFinalProjUITests.swift */ = {isa = PBXFileReference; lastKnownFileType = sourcecode.swift; path = swiftCoursFinalProjUITests.swift; sourceTree = "<group>"; };
		DADFBB1322752ACD0058386A /* Info.plist */ = {isa = PBXFileReference; lastKnownFileType = text.plist.xml; path = Info.plist; sourceTree = "<group>"; };
		DADFBB1F22752BB10058386A /* BHUser.swift */ = {isa = PBXFileReference; lastKnownFileType = sourcecode.swift; path = BHUser.swift; sourceTree = "<group>"; };
		DADFBB2122752BD70058386A /* BHUsers.swift */ = {isa = PBXFileReference; lastKnownFileType = sourcecode.swift; path = BHUsers.swift; sourceTree = "<group>"; };
		DADFBB2322752BE20058386A /* OfficeHour.swift */ = {isa = PBXFileReference; lastKnownFileType = sourcecode.swift; path = OfficeHour.swift; sourceTree = "<group>"; };
		DADFBB2522752BEA0058386A /* OfficeHours.swift */ = {isa = PBXFileReference; lastKnownFileType = sourcecode.swift; path = OfficeHours.swift; sourceTree = "<group>"; };
		DADFBB2722752BF70058386A /* Course.swift */ = {isa = PBXFileReference; lastKnownFileType = sourcecode.swift; path = Course.swift; sourceTree = "<group>"; };
		DADFBB2922752BFF0058386A /* Courses.swift */ = {isa = PBXFileReference; lastKnownFileType = sourcecode.swift; path = Courses.swift; sourceTree = "<group>"; };
		DADFBB2B22752C1A0058386A /* CourseListVC.swift */ = {isa = PBXFileReference; lastKnownFileType = sourcecode.swift; path = CourseListVC.swift; sourceTree = "<group>"; };
		DADFBB2D22752C400058386A /* CourseTableViewCell.swift */ = {isa = PBXFileReference; lastKnownFileType = sourcecode.swift; path = CourseTableViewCell.swift; sourceTree = "<group>"; };
		DADFBB2F22752C5D0058386A /* CourseDetailVC.swift */ = {isa = PBXFileReference; lastKnownFileType = sourcecode.swift; path = CourseDetailVC.swift; sourceTree = "<group>"; };
		DADFBB3122752C8A0058386A /* HoursTableViewCell.swift */ = {isa = PBXFileReference; lastKnownFileType = sourcecode.swift; path = HoursTableViewCell.swift; sourceTree = "<group>"; };
		DADFBB3322752CA70058386A /* HoursTableViewController.swift */ = {isa = PBXFileReference; lastKnownFileType = sourcecode.swift; path = HoursTableViewController.swift; sourceTree = "<group>"; };
		DADFBB3522752CCA0058386A /* HoursDetailVC.swift */ = {isa = PBXFileReference; lastKnownFileType = sourcecode.swift; path = HoursDetailVC.swift; sourceTree = "<group>"; };
		DADFBB3722752D140058386A /* BHUserListVC.swift */ = {isa = PBXFileReference; lastKnownFileType = sourcecode.swift; path = BHUserListVC.swift; sourceTree = "<group>"; };
		DADFBB3922752D350058386A /* BHUserTableViewCell.swift */ = {isa = PBXFileReference; lastKnownFileType = sourcecode.swift; path = BHUserTableViewCell.swift; sourceTree = "<group>"; };
		DADFBB3B22752D590058386A /* UIView+addBorder.swift */ = {isa = PBXFileReference; lastKnownFileType = sourcecode.swift; path = "UIView+addBorder.swift"; sourceTree = "<group>"; };
		EACD4A98875258D893EA4540 /* Pods-swiftCoursFinalProj.debug.xcconfig */ = {isa = PBXFileReference; includeInIndex = 1; lastKnownFileType = text.xcconfig; name = "Pods-swiftCoursFinalProj.debug.xcconfig"; path = "Target Support Files/Pods-swiftCoursFinalProj/Pods-swiftCoursFinalProj.debug.xcconfig"; sourceTree = "<group>"; };
/* End PBXFileReference section */

/* Begin PBXFrameworksBuildPhase section */
		DADFBAEB22752ACC0058386A /* Frameworks */ = {
			isa = PBXFrameworksBuildPhase;
			buildActionMask = 2147483647;
			files = (
				DCF6F19D98B8CCA23B3DDDCA /* Pods_swiftCoursFinalProj.framework in Frameworks */,
			);
			runOnlyForDeploymentPostprocessing = 0;
		};
		DADFBAFF22752ACD0058386A /* Frameworks */ = {
			isa = PBXFrameworksBuildPhase;
			buildActionMask = 2147483647;
			files = (
			);
			runOnlyForDeploymentPostprocessing = 0;
		};
		DADFBB0A22752ACD0058386A /* Frameworks */ = {
			isa = PBXFrameworksBuildPhase;
			buildActionMask = 2147483647;
			files = (
			);
			runOnlyForDeploymentPostprocessing = 0;
		};
/* End PBXFrameworksBuildPhase section */

/* Begin PBXGroup section */
		8FEE4E1D7793718110362B3A /* Frameworks */ = {
			isa = PBXGroup;
			children = (
				0886D916DB640D21880815C6 /* Pods_swiftCoursFinalProj.framework */,
			);
			name = Frameworks;
			sourceTree = "<group>";
		};
		DADFBAE522752ACC0058386A = {
			isa = PBXGroup;
			children = (
				DADFBAF022752ACC0058386A /* swiftCoursFinalProj */,
				DADFBB0522752ACD0058386A /* swiftCoursFinalProjTests */,
				DADFBB1022752ACD0058386A /* swiftCoursFinalProjUITests */,
				DADFBAEF22752ACC0058386A /* Products */,
				FAAFAF901001BE645EB473D5 /* Pods */,
				8FEE4E1D7793718110362B3A /* Frameworks */,
			);
			sourceTree = "<group>";
		};
		DADFBAEF22752ACC0058386A /* Products */ = {
			isa = PBXGroup;
			children = (
				DADFBAEE22752ACC0058386A /* swiftCoursFinalProj.app */,
				DADFBB0222752ACD0058386A /* swiftCoursFinalProjTests.xctest */,
				DADFBB0D22752ACD0058386A /* swiftCoursFinalProjUITests.xctest */,
			);
			name = Products;
			sourceTree = "<group>";
		};
		DADFBAF022752ACC0058386A /* swiftCoursFinalProj */ = {
			isa = PBXGroup;
			children = (
				DADFBAF122752ACC0058386A /* AppDelegate.swift */,
				DADFBB1F22752BB10058386A /* BHUser.swift */,
				DADFBB2122752BD70058386A /* BHUsers.swift */,
				DADFBB2322752BE20058386A /* OfficeHour.swift */,
				DADFBB2522752BEA0058386A /* OfficeHours.swift */,
				DADFBB2722752BF70058386A /* Course.swift */,
				DADFBB2922752BFF0058386A /* Courses.swift */,
				DADFBB2B22752C1A0058386A /* CourseListVC.swift */,
				DADFBB2D22752C400058386A /* CourseTableViewCell.swift */,
				DADFBB2F22752C5D0058386A /* CourseDetailVC.swift */,
				DADFBB3122752C8A0058386A /* HoursTableViewCell.swift */,
				DADFBB3322752CA70058386A /* HoursTableViewController.swift */,
				DADFBB3522752CCA0058386A /* HoursDetailVC.swift */,
				DADFBB3722752D140058386A /* BHUserListVC.swift */,
				DADFBB3922752D350058386A /* BHUserTableViewCell.swift */,
				DADFBB3B22752D590058386A /* UIView+addBorder.swift */,
				DADFBAF322752ACC0058386A /* ViewController.swift */,
				DADFBAF522752ACC0058386A /* Main.storyboard */,
				DADFBAF822752ACD0058386A /* Assets.xcassets */,
				DADFBAFA22752ACD0058386A /* LaunchScreen.storyboard */,
				DADFBAFD22752ACD0058386A /* Info.plist */,
			);
			path = swiftCoursFinalProj;
			sourceTree = "<group>";
		};
		DADFBB0522752ACD0058386A /* swiftCoursFinalProjTests */ = {
			isa = PBXGroup;
			children = (
				DADFBB0622752ACD0058386A /* swiftCoursFinalProjTests.swift */,
				DADFBB0822752ACD0058386A /* Info.plist */,
			);
			path = swiftCoursFinalProjTests;
			sourceTree = "<group>";
		};
		DADFBB1022752ACD0058386A /* swiftCoursFinalProjUITests */ = {
			isa = PBXGroup;
			children = (
				DADFBB1122752ACD0058386A /* swiftCoursFinalProjUITests.swift */,
				DADFBB1322752ACD0058386A /* Info.plist */,
			);
			path = swiftCoursFinalProjUITests;
			sourceTree = "<group>";
		};
		FAAFAF901001BE645EB473D5 /* Pods */ = {
			isa = PBXGroup;
			children = (
				EACD4A98875258D893EA4540 /* Pods-swiftCoursFinalProj.debug.xcconfig */,
				D1B985869CC1F980408D29D1 /* Pods-swiftCoursFinalProj.release.xcconfig */,
			);
			path = Pods;
			sourceTree = "<group>";
		};
/* End PBXGroup section */

/* Begin PBXNativeTarget section */
		DADFBAED22752ACC0058386A /* swiftCoursFinalProj */ = {
			isa = PBXNativeTarget;
			buildConfigurationList = DADFBB1622752ACD0058386A /* Build configuration list for PBXNativeTarget "swiftCoursFinalProj" */;
			buildPhases = (
				AD492A17E79EDA7FCFA7CCD9 /* [CP] Check Pods Manifest.lock */,
				DADFBAEA22752ACC0058386A /* Sources */,
				DADFBAEB22752ACC0058386A /* Frameworks */,
				DADFBAEC22752ACC0058386A /* Resources */,
				CDD892B038984B8A15130C30 /* [CP] Embed Pods Frameworks */,
				AD789FEA70359F4363F06E6E /* [CP] Copy Pods Resources */,
			);
			buildRules = (
			);
			dependencies = (
			);
			name = swiftCoursFinalProj;
			productName = swiftCoursFinalProj;
			productReference = DADFBAEE22752ACC0058386A /* swiftCoursFinalProj.app */;
			productType = "com.apple.product-type.application";
		};
		DADFBB0122752ACD0058386A /* swiftCoursFinalProjTests */ = {
			isa = PBXNativeTarget;
			buildConfigurationList = DADFBB1922752ACD0058386A /* Build configuration list for PBXNativeTarget "swiftCoursFinalProjTests" */;
			buildPhases = (
				DADFBAFE22752ACD0058386A /* Sources */,
				DADFBAFF22752ACD0058386A /* Frameworks */,
				DADFBB0022752ACD0058386A /* Resources */,
			);
			buildRules = (
			);
			dependencies = (
				DADFBB0422752ACD0058386A /* PBXTargetDependency */,
			);
			name = swiftCoursFinalProjTests;
			productName = swiftCoursFinalProjTests;
			productReference = DADFBB0222752ACD0058386A /* swiftCoursFinalProjTests.xctest */;
			productType = "com.apple.product-type.bundle.unit-test";
		};
		DADFBB0C22752ACD0058386A /* swiftCoursFinalProjUITests */ = {
			isa = PBXNativeTarget;
			buildConfigurationList = DADFBB1C22752ACD0058386A /* Build configuration list for PBXNativeTarget "swiftCoursFinalProjUITests" */;
			buildPhases = (
				DADFBB0922752ACD0058386A /* Sources */,
				DADFBB0A22752ACD0058386A /* Frameworks */,
				DADFBB0B22752ACD0058386A /* Resources */,
			);
			buildRules = (
			);
			dependencies = (
				DADFBB0F22752ACD0058386A /* PBXTargetDependency */,
			);
			name = swiftCoursFinalProjUITests;
			productName = swiftCoursFinalProjUITests;
			productReference = DADFBB0D22752ACD0058386A /* swiftCoursFinalProjUITests.xctest */;
			productType = "com.apple.product-type.bundle.ui-testing";
		};
/* End PBXNativeTarget section */

/* Begin PBXProject section */
		DADFBAE622752ACC0058386A /* Project object */ = {
			isa = PBXProject;
			attributes = {
				LastSwiftUpdateCheck = 1010;
				LastUpgradeCheck = 1010;
				ORGANIZATIONNAME = "James Steele";
				TargetAttributes = {
					DADFBAED22752ACC0058386A = {
						CreatedOnToolsVersion = 10.1;
					};
					DADFBB0122752ACD0058386A = {
						CreatedOnToolsVersion = 10.1;
						TestTargetID = DADFBAED22752ACC0058386A;
					};
					DADFBB0C22752ACD0058386A = {
						CreatedOnToolsVersion = 10.1;
						TestTargetID = DADFBAED22752ACC0058386A;
					};
				};
			};
			buildConfigurationList = DADFBAE922752ACC0058386A /* Build configuration list for PBXProject "swiftCoursFinalProj" */;
			compatibilityVersion = "Xcode 9.3";
			developmentRegion = en;
			hasScannedForEncodings = 0;
			knownRegions = (
				en,
				Base,
			);
			mainGroup = DADFBAE522752ACC0058386A;
			productRefGroup = DADFBAEF22752ACC0058386A /* Products */;
			projectDirPath = "";
			projectRoot = "";
			targets = (
				DADFBAED22752ACC0058386A /* swiftCoursFinalProj */,
				DADFBB0122752ACD0058386A /* swiftCoursFinalProjTests */,
				DADFBB0C22752ACD0058386A /* swiftCoursFinalProjUITests */,
			);
		};
/* End PBXProject section */

/* Begin PBXResourcesBuildPhase section */
		DADFBAEC22752ACC0058386A /* Resources */ = {
			isa = PBXResourcesBuildPhase;
			buildActionMask = 2147483647;
			files = (
				DADFBAFC22752ACD0058386A /* LaunchScreen.storyboard in Resources */,
				DADFBAF922752ACD0058386A /* Assets.xcassets in Resources */,
				DADFBAF722752ACC0058386A /* Main.storyboard in Resources */,
			);
			runOnlyForDeploymentPostprocessing = 0;
		};
		DADFBB0022752ACD0058386A /* Resources */ = {
			isa = PBXResourcesBuildPhase;
			buildActionMask = 2147483647;
			files = (
			);
			runOnlyForDeploymentPostprocessing = 0;
		};
		DADFBB0B22752ACD0058386A /* Resources */ = {
			isa = PBXResourcesBuildPhase;
			buildActionMask = 2147483647;
			files = (
			);
			runOnlyForDeploymentPostprocessing = 0;
		};
/* End PBXResourcesBuildPhase section */

/* Begin PBXShellScriptBuildPhase section */
		AD492A17E79EDA7FCFA7CCD9 /* [CP] Check Pods Manifest.lock */ = {
			isa = PBXShellScriptBuildPhase;
			buildActionMask = 2147483647;
			files = (
			);
			inputFileListPaths = (
			);
			inputPaths = (
				"${PODS_PODFILE_DIR_PATH}/Podfile.lock",
				"${PODS_ROOT}/Manifest.lock",
			);
			name = "[CP] Check Pods Manifest.lock";
			outputFileListPaths = (
			);
			outputPaths = (
				"$(DERIVED_FILE_DIR)/Pods-swiftCoursFinalProj-checkManifestLockResult.txt",
			);
			runOnlyForDeploymentPostprocessing = 0;
			shellPath = /bin/sh;
			shellScript = "diff \"${PODS_PODFILE_DIR_PATH}/Podfile.lock\" \"${PODS_ROOT}/Manifest.lock\" > /dev/null\nif [ $? != 0 ] ; then\n    # print error to STDERR\n    echo \"error: The sandbox is not in sync with the Podfile.lock. Run 'pod install' or update your CocoaPods installation.\" >&2\n    exit 1\nfi\n# This output is used by Xcode 'outputs' to avoid re-running this script phase.\necho \"SUCCESS\" > \"${SCRIPT_OUTPUT_FILE_0}\"\n";
			showEnvVarsInLog = 0;
		};
		AD789FEA70359F4363F06E6E /* [CP] Copy Pods Resources */ = {
			isa = PBXShellScriptBuildPhase;
			buildActionMask = 2147483647;
			files = (
			);
			inputFileListPaths = (
			);
			inputPaths = (
				"${PODS_ROOT}/Target Support Files/Pods-swiftCoursFinalProj/Pods-swiftCoursFinalProj-resources.sh",
				"${PODS_CONFIGURATION_BUILD_DIR}/FirebaseUI/FirebaseAnonymousAuthUI.bundle",
				"${PODS_CONFIGURATION_BUILD_DIR}/FirebaseUI/FirebaseAuthUI.bundle",
				"${PODS_CONFIGURATION_BUILD_DIR}/FirebaseUI/FirebaseEmailAuthUI.bundle",
				"${PODS_CONFIGURATION_BUILD_DIR}/FirebaseUI/FirebaseFacebookAuthUI.bundle",
				"${PODS_CONFIGURATION_BUILD_DIR}/FirebaseUI/FirebaseGoogleAuthUI.bundle",
				"${PODS_CONFIGURATION_BUILD_DIR}/FirebaseUI/FirebasePhoneAuthUI.bundle",
				"${PODS_CONFIGURATION_BUILD_DIR}/FirebaseUI/FirebaseTwitterAuthUI.bundle",
				"${PODS_ROOT}/GoogleSignIn/Resources/GoogleSignIn.bundle",
				"${PODS_ROOT}/TwitterKit/iOS/TwitterKit.framework/TwitterKitResources.bundle",
			);
			name = "[CP] Copy Pods Resources";
			outputFileListPaths = (
			);
			outputPaths = (
				"${TARGET_BUILD_DIR}/${UNLOCALIZED_RESOURCES_FOLDER_PATH}/FirebaseAnonymousAuthUI.bundle",
				"${TARGET_BUILD_DIR}/${UNLOCALIZED_RESOURCES_FOLDER_PATH}/FirebaseAuthUI.bundle",
				"${TARGET_BUILD_DIR}/${UNLOCALIZED_RESOURCES_FOLDER_PATH}/FirebaseEmailAuthUI.bundle",
				"${TARGET_BUILD_DIR}/${UNLOCALIZED_RESOURCES_FOLDER_PATH}/FirebaseFacebookAuthUI.bundle",
				"${TARGET_BUILD_DIR}/${UNLOCALIZED_RESOURCES_FOLDER_PATH}/FirebaseGoogleAuthUI.bundle",
				"${TARGET_BUILD_DIR}/${UNLOCALIZED_RESOURCES_FOLDER_PATH}/FirebasePhoneAuthUI.bundle",
				"${TARGET_BUILD_DIR}/${UNLOCALIZED_RESOURCES_FOLDER_PATH}/FirebaseTwitterAuthUI.bundle",
				"${TARGET_BUILD_DIR}/${UNLOCALIZED_RESOURCES_FOLDER_PATH}/GoogleSignIn.bundle",
				"${TARGET_BUILD_DIR}/${UNLOCALIZED_RESOURCES_FOLDER_PATH}/TwitterKitResources.bundle",
			);
			runOnlyForDeploymentPostprocessing = 0;
			shellPath = /bin/sh;
			shellScript = "\"${PODS_ROOT}/Target Support Files/Pods-swiftCoursFinalProj/Pods-swiftCoursFinalProj-resources.sh\"\n";
			showEnvVarsInLog = 0;
		};
		CDD892B038984B8A15130C30 /* [CP] Embed Pods Frameworks */ = {
			isa = PBXShellScriptBuildPhase;
			buildActionMask = 2147483647;
			files = (
			);
			inputFileListPaths = (
			);
			inputPaths = (
				"${PODS_ROOT}/Target Support Files/Pods-swiftCoursFinalProj/Pods-swiftCoursFinalProj-frameworks.sh",
				"${BUILT_PRODUCTS_DIR}/Bolts/Bolts.framework",
				"${BUILT_PRODUCTS_DIR}/BoringSSL-GRPC/openssl_grpc.framework",
				"${BUILT_PRODUCTS_DIR}/FBSDKCoreKit/FBSDKCoreKit.framework",
				"${BUILT_PRODUCTS_DIR}/FBSDKLoginKit/FBSDKLoginKit.framework",
				"${BUILT_PRODUCTS_DIR}/GTMSessionFetcher/GTMSessionFetcher.framework",
				"${BUILT_PRODUCTS_DIR}/GoogleToolboxForMac/GoogleToolboxForMac.framework",
				"${BUILT_PRODUCTS_DIR}/GoogleUtilities/GoogleUtilities.framework",
				"${BUILT_PRODUCTS_DIR}/Protobuf/Protobuf.framework",
				"${BUILT_PRODUCTS_DIR}/SDWebImage/SDWebImage.framework",
				"${PODS_ROOT}/TwitterCore/iOS/TwitterCore.framework",
				"${PODS_ROOT}/TwitterKit/iOS/TwitterKit.framework",
				"${BUILT_PRODUCTS_DIR}/gRPC-C++/grpcpp.framework",
				"${BUILT_PRODUCTS_DIR}/gRPC-Core/grpc.framework",
				"${BUILT_PRODUCTS_DIR}/leveldb-library/leveldb.framework",
				"${BUILT_PRODUCTS_DIR}/nanopb/nanopb.framework",
			);
			name = "[CP] Embed Pods Frameworks";
			outputFileListPaths = (
			);
			outputPaths = (
				"${TARGET_BUILD_DIR}/${FRAMEWORKS_FOLDER_PATH}/Bolts.framework",
				"${TARGET_BUILD_DIR}/${FRAMEWORKS_FOLDER_PATH}/openssl_grpc.framework",
				"${TARGET_BUILD_DIR}/${FRAMEWORKS_FOLDER_PATH}/FBSDKCoreKit.framework",
				"${TARGET_BUILD_DIR}/${FRAMEWORKS_FOLDER_PATH}/FBSDKLoginKit.framework",
				"${TARGET_BUILD_DIR}/${FRAMEWORKS_FOLDER_PATH}/GTMSessionFetcher.framework",
				"${TARGET_BUILD_DIR}/${FRAMEWORKS_FOLDER_PATH}/GoogleToolboxForMac.framework",
				"${TARGET_BUILD_DIR}/${FRAMEWORKS_FOLDER_PATH}/GoogleUtilities.framework",
				"${TARGET_BUILD_DIR}/${FRAMEWORKS_FOLDER_PATH}/Protobuf.framework",
				"${TARGET_BUILD_DIR}/${FRAMEWORKS_FOLDER_PATH}/SDWebImage.framework",
				"${TARGET_BUILD_DIR}/${FRAMEWORKS_FOLDER_PATH}/TwitterCore.framework",
				"${TARGET_BUILD_DIR}/${FRAMEWORKS_FOLDER_PATH}/TwitterKit.framework",
				"${TARGET_BUILD_DIR}/${FRAMEWORKS_FOLDER_PATH}/grpcpp.framework",
				"${TARGET_BUILD_DIR}/${FRAMEWORKS_FOLDER_PATH}/grpc.framework",
				"${TARGET_BUILD_DIR}/${FRAMEWORKS_FOLDER_PATH}/leveldb.framework",
				"${TARGET_BUILD_DIR}/${FRAMEWORKS_FOLDER_PATH}/nanopb.framework",
			);
			runOnlyForDeploymentPostprocessing = 0;
			shellPath = /bin/sh;
			shellScript = "\"${PODS_ROOT}/Target Support Files/Pods-swiftCoursFinalProj/Pods-swiftCoursFinalProj-frameworks.sh\"\n";
			showEnvVarsInLog = 0;
		};
/* End PBXShellScriptBuildPhase section */

/* Begin PBXSourcesBuildPhase section */
		DADFBAEA22752ACC0058386A /* Sources */ = {
			isa = PBXSourcesBuildPhase;
			buildActionMask = 2147483647;
			files = (
				DADFBB3A22752D350058386A /* BHUserTableViewCell.swift in Sources */,
				DADFBB2222752BD70058386A /* BHUsers.swift in Sources */,
				DADFBB2822752BF70058386A /* Course.swift in Sources */,
				DADFBAF422752ACC0058386A /* ViewController.swift in Sources */,
				DADFBAF222752ACC0058386A /* AppDelegate.swift in Sources */,
				DADFBB2E22752C400058386A /* CourseTableViewCell.swift in Sources */,
				DADFBB3622752CCA0058386A /* HoursDetailVC.swift in Sources */,
				DADFBB2A22752BFF0058386A /* Courses.swift in Sources */,
				DADFBB3422752CA70058386A /* HoursTableViewController.swift in Sources */,
				DADFBB2622752BEB0058386A /* OfficeHours.swift in Sources */,
				DADFBB3C22752D590058386A /* UIView+addBorder.swift in Sources */,
				DADFBB3022752C5D0058386A /* CourseDetailVC.swift in Sources */,
				DADFBB2C22752C1A0058386A /* CourseListVC.swift in Sources */,
				DADFBB2422752BE20058386A /* OfficeHour.swift in Sources */,
				DADFBB2022752BB10058386A /* BHUser.swift in Sources */,
				DADFBB3222752C8A0058386A /* HoursTableViewCell.swift in Sources */,
				DADFBB3822752D140058386A /* BHUserListVC.swift in Sources */,
			);
			runOnlyForDeploymentPostprocessing = 0;
		};
		DADFBAFE22752ACD0058386A /* Sources */ = {
			isa = PBXSourcesBuildPhase;
			buildActionMask = 2147483647;
			files = (
				DADFBB0722752ACD0058386A /* swiftCoursFinalProjTests.swift in Sources */,
			);
			runOnlyForDeploymentPostprocessing = 0;
		};
		DADFBB0922752ACD0058386A /* Sources */ = {
			isa = PBXSourcesBuildPhase;
			buildActionMask = 2147483647;
			files = (
				DADFBB1222752ACD0058386A /* swiftCoursFinalProjUITests.swift in Sources */,
			);
			runOnlyForDeploymentPostprocessing = 0;
		};
/* End PBXSourcesBuildPhase section */

/* Begin PBXTargetDependency section */
		DADFBB0422752ACD0058386A /* PBXTargetDependency */ = {
			isa = PBXTargetDependency;
			target = DADFBAED22752ACC0058386A /* swiftCoursFinalProj */;
			targetProxy = DADFBB0322752ACD0058386A /* PBXContainerItemProxy */;
		};
		DADFBB0F22752ACD0058386A /* PBXTargetDependency */ = {
			isa = PBXTargetDependency;
			target = DADFBAED22752ACC0058386A /* swiftCoursFinalProj */;
			targetProxy = DADFBB0E22752ACD0058386A /* PBXContainerItemProxy */;
		};
/* End PBXTargetDependency section */

/* Begin PBXVariantGroup section */
		DADFBAF522752ACC0058386A /* Main.storyboard */ = {
			isa = PBXVariantGroup;
			children = (
				DADFBAF622752ACC0058386A /* Base */,
			);
			name = Main.storyboard;
			sourceTree = "<group>";
		};
		DADFBAFA22752ACD0058386A /* LaunchScreen.storyboard */ = {
			isa = PBXVariantGroup;
			children = (
				DADFBAFB22752ACD0058386A /* Base */,
			);
			name = LaunchScreen.storyboard;
			sourceTree = "<group>";
		};
/* End PBXVariantGroup section */

/* Begin XCBuildConfiguration section */
		DADFBB1422752ACD0058386A /* Debug */ = {
			isa = XCBuildConfiguration;
			buildSettings = {
				ALWAYS_SEARCH_USER_PATHS = NO;
				CLANG_ANALYZER_NONNULL = YES;
				CLANG_ANALYZER_NUMBER_OBJECT_CONVERSION = YES_AGGRESSIVE;
				CLANG_CXX_LANGUAGE_STANDARD = "gnu++14";
				CLANG_CXX_LIBRARY = "libc++";
				CLANG_ENABLE_MODULES = YES;
				CLANG_ENABLE_OBJC_ARC = YES;
				CLANG_ENABLE_OBJC_WEAK = YES;
				CLANG_WARN_BLOCK_CAPTURE_AUTORELEASING = YES;
				CLANG_WARN_BOOL_CONVERSION = YES;
				CLANG_WARN_COMMA = YES;
				CLANG_WARN_CONSTANT_CONVERSION = YES;
				CLANG_WARN_DEPRECATED_OBJC_IMPLEMENTATIONS = YES;
				CLANG_WARN_DIRECT_OBJC_ISA_USAGE = YES_ERROR;
				CLANG_WARN_DOCUMENTATION_COMMENTS = YES;
				CLANG_WARN_EMPTY_BODY = YES;
				CLANG_WARN_ENUM_CONVERSION = YES;
				CLANG_WARN_INFINITE_RECURSION = YES;
				CLANG_WARN_INT_CONVERSION = YES;
				CLANG_WARN_NON_LITERAL_NULL_CONVERSION = YES;
				CLANG_WARN_OBJC_IMPLICIT_RETAIN_SELF = YES;
				CLANG_WARN_OBJC_LITERAL_CONVERSION = YES;
				CLANG_WARN_OBJC_ROOT_CLASS = YES_ERROR;
				CLANG_WARN_RANGE_LOOP_ANALYSIS = YES;
				CLANG_WARN_STRICT_PROTOTYPES = YES;
				CLANG_WARN_SUSPICIOUS_MOVE = YES;
				CLANG_WARN_UNGUARDED_AVAILABILITY = YES_AGGRESSIVE;
				CLANG_WARN_UNREACHABLE_CODE = YES;
				CLANG_WARN__DUPLICATE_METHOD_MATCH = YES;
				CODE_SIGN_IDENTITY = "iPhone Developer";
				COPY_PHASE_STRIP = NO;
				DEBUG_INFORMATION_FORMAT = dwarf;
				ENABLE_STRICT_OBJC_MSGSEND = YES;
				ENABLE_TESTABILITY = YES;
				GCC_C_LANGUAGE_STANDARD = gnu11;
				GCC_DYNAMIC_NO_PIC = NO;
				GCC_NO_COMMON_BLOCKS = YES;
				GCC_OPTIMIZATION_LEVEL = 0;
				GCC_PREPROCESSOR_DEFINITIONS = (
					"DEBUG=1",
					"$(inherited)",
				);
				GCC_WARN_64_TO_32_BIT_CONVERSION = YES;
				GCC_WARN_ABOUT_RETURN_TYPE = YES_ERROR;
				GCC_WARN_UNDECLARED_SELECTOR = YES;
				GCC_WARN_UNINITIALIZED_AUTOS = YES_AGGRESSIVE;
				GCC_WARN_UNUSED_FUNCTION = YES;
				GCC_WARN_UNUSED_VARIABLE = YES;
				IPHONEOS_DEPLOYMENT_TARGET = 12.1;
				MTL_ENABLE_DEBUG_INFO = INCLUDE_SOURCE;
				MTL_FAST_MATH = YES;
				ONLY_ACTIVE_ARCH = YES;
				SDKROOT = iphoneos;
				SWIFT_ACTIVE_COMPILATION_CONDITIONS = DEBUG;
				SWIFT_OPTIMIZATION_LEVEL = "-Onone";
			};
			name = Debug;
		};
		DADFBB1522752ACD0058386A /* Release */ = {
			isa = XCBuildConfiguration;
			buildSettings = {
				ALWAYS_SEARCH_USER_PATHS = NO;
				CLANG_ANALYZER_NONNULL = YES;
				CLANG_ANALYZER_NUMBER_OBJECT_CONVERSION = YES_AGGRESSIVE;
				CLANG_CXX_LANGUAGE_STANDARD = "gnu++14";
				CLANG_CXX_LIBRARY = "libc++";
				CLANG_ENABLE_MODULES = YES;
				CLANG_ENABLE_OBJC_ARC = YES;
				CLANG_ENABLE_OBJC_WEAK = YES;
				CLANG_WARN_BLOCK_CAPTURE_AUTORELEASING = YES;
				CLANG_WARN_BOOL_CONVERSION = YES;
				CLANG_WARN_COMMA = YES;
				CLANG_WARN_CONSTANT_CONVERSION = YES;
				CLANG_WARN_DEPRECATED_OBJC_IMPLEMENTATIONS = YES;
				CLANG_WARN_DIRECT_OBJC_ISA_USAGE = YES_ERROR;
				CLANG_WARN_DOCUMENTATION_COMMENTS = YES;
				CLANG_WARN_EMPTY_BODY = YES;
				CLANG_WARN_ENUM_CONVERSION = YES;
				CLANG_WARN_INFINITE_RECURSION = YES;
				CLANG_WARN_INT_CONVERSION = YES;
				CLANG_WARN_NON_LITERAL_NULL_CONVERSION = YES;
				CLANG_WARN_OBJC_IMPLICIT_RETAIN_SELF = YES;
				CLANG_WARN_OBJC_LITERAL_CONVERSION = YES;
				CLANG_WARN_OBJC_ROOT_CLASS = YES_ERROR;
				CLANG_WARN_RANGE_LOOP_ANALYSIS = YES;
				CLANG_WARN_STRICT_PROTOTYPES = YES;
				CLANG_WARN_SUSPICIOUS_MOVE = YES;
				CLANG_WARN_UNGUARDED_AVAILABILITY = YES_AGGRESSIVE;
				CLANG_WARN_UNREACHABLE_CODE = YES;
				CLANG_WARN__DUPLICATE_METHOD_MATCH = YES;
				CODE_SIGN_IDENTITY = "iPhone Developer";
				COPY_PHASE_STRIP = NO;
				DEBUG_INFORMATION_FORMAT = "dwarf-with-dsym";
				ENABLE_NS_ASSERTIONS = NO;
				ENABLE_STRICT_OBJC_MSGSEND = YES;
				GCC_C_LANGUAGE_STANDARD = gnu11;
				GCC_NO_COMMON_BLOCKS = YES;
				GCC_WARN_64_TO_32_BIT_CONVERSION = YES;
				GCC_WARN_ABOUT_RETURN_TYPE = YES_ERROR;
				GCC_WARN_UNDECLARED_SELECTOR = YES;
				GCC_WARN_UNINITIALIZED_AUTOS = YES_AGGRESSIVE;
				GCC_WARN_UNUSED_FUNCTION = YES;
				GCC_WARN_UNUSED_VARIABLE = YES;
				IPHONEOS_DEPLOYMENT_TARGET = 12.1;
				MTL_ENABLE_DEBUG_INFO = NO;
				MTL_FAST_MATH = YES;
				SDKROOT = iphoneos;
				SWIFT_COMPILATION_MODE = wholemodule;
				SWIFT_OPTIMIZATION_LEVEL = "-O";
				VALIDATE_PRODUCT = YES;
			};
			name = Release;
		};
		DADFBB1722752ACD0058386A /* Debug */ = {
			isa = XCBuildConfiguration;
			baseConfigurationReference = EACD4A98875258D893EA4540 /* Pods-swiftCoursFinalProj.debug.xcconfig */;
			buildSettings = {
				ASSETCATALOG_COMPILER_APPICON_NAME = AppIcon;
				CODE_SIGN_STYLE = Automatic;
				DEVELOPMENT_TEAM = FAW5Y96MB7;
				INFOPLIST_FILE = swiftCoursFinalProj/Info.plist;
				IPHONEOS_DEPLOYMENT_TARGET = 11.0;
				LD_RUNPATH_SEARCH_PATHS = (
					"$(inherited)",
					"@executable_path/Frameworks",
				);
				PRODUCT_BUNDLE_IDENTIFIER = jamessteele.swiftCoursFinalProj;
				PRODUCT_NAME = "$(TARGET_NAME)";
				SWIFT_VERSION = 4.2;
				TARGETED_DEVICE_FAMILY = "1,2";
			};
			name = Debug;
		};
		DADFBB1822752ACD0058386A /* Release */ = {
			isa = XCBuildConfiguration;
			baseConfigurationReference = D1B985869CC1F980408D29D1 /* Pods-swiftCoursFinalProj.release.xcconfig */;
			buildSettings = {
				ASSETCATALOG_COMPILER_APPICON_NAME = AppIcon;
				CODE_SIGN_STYLE = Automatic;
				DEVELOPMENT_TEAM = FAW5Y96MB7;
				INFOPLIST_FILE = swiftCoursFinalProj/Info.plist;
				IPHONEOS_DEPLOYMENT_TARGET = 11.0;
				LD_RUNPATH_SEARCH_PATHS = (
					"$(inherited)",
					"@executable_path/Frameworks",
				);
				PRODUCT_BUNDLE_IDENTIFIER = jamessteele.swiftCoursFinalProj;
				PRODUCT_NAME = "$(TARGET_NAME)";
				SWIFT_VERSION = 4.2;
				TARGETED_DEVICE_FAMILY = "1,2";
			};
			name = Release;
		};
		DADFBB1A22752ACD0058386A /* Debug */ = {
			isa = XCBuildConfiguration;
			buildSettings = {
				ALWAYS_EMBED_SWIFT_STANDARD_LIBRARIES = YES;
				BUNDLE_LOADER = "$(TEST_HOST)";
				CODE_SIGN_STYLE = Automatic;
				DEVELOPMENT_TEAM = FAW5Y96MB7;
				INFOPLIST_FILE = swiftCoursFinalProjTests/Info.plist;
				LD_RUNPATH_SEARCH_PATHS = (
					"$(inherited)",
					"@executable_path/Frameworks",
					"@loader_path/Frameworks",
				);
				PRODUCT_BUNDLE_IDENTIFIER = jamessteele.swiftCoursFinalProjTests;
				PRODUCT_NAME = "$(TARGET_NAME)";
				SWIFT_VERSION = 4.2;
				TARGETED_DEVICE_FAMILY = "1,2";
				TEST_HOST = "$(BUILT_PRODUCTS_DIR)/swiftCoursFinalProj.app/swiftCoursFinalProj";
			};
			name = Debug;
		};
		DADFBB1B22752ACD0058386A /* Release */ = {
			isa = XCBuildConfiguration;
			buildSettings = {
				ALWAYS_EMBED_SWIFT_STANDARD_LIBRARIES = YES;
				BUNDLE_LOADER = "$(TEST_HOST)";
				CODE_SIGN_STYLE = Automatic;
				DEVELOPMENT_TEAM = FAW5Y96MB7;
				INFOPLIST_FILE = swiftCoursFinalProjTests/Info.plist;
				LD_RUNPATH_SEARCH_PATHS = (
					"$(inherited)",
					"@executable_path/Frameworks",
					"@loader_path/Frameworks",
				);
				PRODUCT_BUNDLE_IDENTIFIER = jamessteele.swiftCoursFinalProjTests;
				PRODUCT_NAME = "$(TARGET_NAME)";
				SWIFT_VERSION = 4.2;
				TARGETED_DEVICE_FAMILY = "1,2";
				TEST_HOST = "$(BUILT_PRODUCTS_DIR)/swiftCoursFinalProj.app/swiftCoursFinalProj";
			};
			name = Release;
		};
		DADFBB1D22752ACD0058386A /* Debug */ = {
			isa = XCBuildConfiguration;
			buildSettings = {
				ALWAYS_EMBED_SWIFT_STANDARD_LIBRARIES = YES;
				CODE_SIGN_STYLE = Automatic;
				DEVELOPMENT_TEAM = FAW5Y96MB7;
				INFOPLIST_FILE = swiftCoursFinalProjUITests/Info.plist;
				LD_RUNPATH_SEARCH_PATHS = (
					"$(inherited)",
					"@executable_path/Frameworks",
					"@loader_path/Frameworks",
				);
				PRODUCT_BUNDLE_IDENTIFIER = jamessteele.swiftCoursFinalProjUITests;
				PRODUCT_NAME = "$(TARGET_NAME)";
				SWIFT_VERSION = 4.2;
				TARGETED_DEVICE_FAMILY = "1,2";
				TEST_TARGET_NAME = swiftCoursFinalProj;
			};
			name = Debug;
		};
		DADFBB1E22752ACD0058386A /* Release */ = {
			isa = XCBuildConfiguration;
			buildSettings = {
				ALWAYS_EMBED_SWIFT_STANDARD_LIBRARIES = YES;
				CODE_SIGN_STYLE = Automatic;
				DEVELOPMENT_TEAM = FAW5Y96MB7;
				INFOPLIST_FILE = swiftCoursFinalProjUITests/Info.plist;
				LD_RUNPATH_SEARCH_PATHS = (
					"$(inherited)",
					"@executable_path/Frameworks",
					"@loader_path/Frameworks",
				);
				PRODUCT_BUNDLE_IDENTIFIER = jamessteele.swiftCoursFinalProjUITests;
				PRODUCT_NAME = "$(TARGET_NAME)";
				SWIFT_VERSION = 4.2;
				TARGETED_DEVICE_FAMILY = "1,2";
				TEST_TARGET_NAME = swiftCoursFinalProj;
			};
			name = Release;
		};
/* End XCBuildConfiguration section */

/* Begin XCConfigurationList section */
		DADFBAE922752ACC0058386A /* Build configuration list for PBXProject "swiftCoursFinalProj" */ = {
			isa = XCConfigurationList;
			buildConfigurations = (
				DADFBB1422752ACD0058386A /* Debug */,
				DADFBB1522752ACD0058386A /* Release */,
			);
			defaultConfigurationIsVisible = 0;
			defaultConfigurationName = Release;
		};
		DADFBB1622752ACD0058386A /* Build configuration list for PBXNativeTarget "swiftCoursFinalProj" */ = {
			isa = XCConfigurationList;
			buildConfigurations = (
				DADFBB1722752ACD0058386A /* Debug */,
				DADFBB1822752ACD0058386A /* Release */,
			);
			defaultConfigurationIsVisible = 0;
			defaultConfigurationName = Release;
		};
		DADFBB1922752ACD0058386A /* Build configuration list for PBXNativeTarget "swiftCoursFinalProjTests" */ = {
			isa = XCConfigurationList;
			buildConfigurations = (
				DADFBB1A22752ACD0058386A /* Debug */,
				DADFBB1B22752ACD0058386A /* Release */,
			);
			defaultConfigurationIsVisible = 0;
			defaultConfigurationName = Release;
		};
		DADFBB1C22752ACD0058386A /* Build configuration list for PBXNativeTarget "swiftCoursFinalProjUITests" */ = {
			isa = XCConfigurationList;
			buildConfigurations = (
				DADFBB1D22752ACD0058386A /* Debug */,
				DADFBB1E22752ACD0058386A /* Release */,
			);
			defaultConfigurationIsVisible = 0;
			defaultConfigurationName = Release;
		};
/* End XCConfigurationList section */
	};
	rootObject = DADFBAE622752ACC0058386A /* Project object */;
}
