// !$*UTF8*$!
{
	archiveVersion = 1;
	classes = {
	};
	objectVersion = 50;
	objects = {

/* Begin PBXBuildFile section */
		DADFBAF222752ACC0058386A /* AppDelegate.swift in Sources */ = {isa = PBXBuildFile; fileRef = DADFBAF122752ACC0058386A /* AppDelegate.swift */; };
		DADFBAF422752ACC0058386A /* ViewController.swift in Sources */ = {isa = PBXBuildFile; fileRef = DADFBAF322752ACC0058386A /* ViewController.swift */; };
		DADFBAF722752ACC0058386A /* Main.storyboard in Resources */ = {isa = PBXBuildFile; fileRef = DADFBAF522752ACC0058386A /* Main.storyboard */; };
		DADFBAF922752ACD0058386A /* Assets.xcassets in Resources */ = {isa = PBXBuildFile; fileRef = DADFBAF822752ACD0058386A /* Assets.xcassets */; };
		DADFBAFC22752ACD0058386A /* LaunchScreen.storyboard in Resources */ = {isa = PBXBuildFile; fileRef = DADFBAFA22752ACD0058386A /* LaunchScreen.storyboard */; };
		DADFBB0722752ACD0058386A /* swiftCoursFinalProjTests.swift in Sources */ = {isa = PBXBuildFile; fileRef = DADFBB0622752ACD0058386A /* swiftCoursFinalProjTests.swift */; };
		DADFBB1222752ACD0058386A /* swiftCoursFinalProjUITests.swift in Sources */ = {isa = PBXBuildFile; fileRef = DADFBB1122752ACD0058386A /* swiftCoursFinalProjUITests.swift */; };
/* End PBXBuildFile section */

/* Begin PBXContainerItemProxy section */
		DADFBB0322752ACD0058386A /* PBXContainerItemProxy */ = {
			isa = PBXContainerItemProxy;
			containerPortal = DADFBAE622752ACC0058386A /* Project object */;
			proxyType = 1;
			remoteGlobalIDString = DADFBAED22752ACC0058386A;
			remoteInfo = swiftCoursFinalProj;
		};
		DADFBB0E22752ACD0058386A /* PBXContainerItemProxy */ = {
			isa = PBXContainerItemProxy;
			containerPortal = DADFBAE622752ACC0058386A /* Project object */;
			proxyType = 1;
			remoteGlobalIDString = DADFBAED22752ACC0058386A;
			remoteInfo = swiftCoursFinalProj;
		};
/* End PBXContainerItemProxy section */

/* Begin PBXFileReference section */
		DADFBAEE22752ACC0058386A /* swiftCoursFinalProj.app */ = {isa = PBXFileReference; explicitFileType = wrapper.application; includeInIndex = 0; path = swiftCoursFinalProj.app; sourceTree = BUILT_PRODUCTS_DIR; };
		DADFBAF122752ACC0058386A /* AppDelegate.swift */ = {isa = PBXFileReference; lastKnownFileType = sourcecode.swift; path = AppDelegate.swift; sourceTree = "<group>"; };
		DADFBAF322752ACC0058386A /* ViewController.swift */ = {isa = PBXFileReference; lastKnownFileType = sourcecode.swift; path = ViewController.swift; sourceTree = "<group>"; };
		DADFBAF622752ACC0058386A /* Base */ = {isa = PBXFileReference; lastKnownFileType = file.storyboard; name = Base; path = Base.lproj/Main.storyboard; sourceTree = "<group>"; };
		DADFBAF822752ACD0058386A /* Assets.xcassets */ = {isa = PBXFileReference; lastKnownFileType = folder.assetcatalog; path = Assets.xcassets; sourceTree = "<group>"; };
		DADFBAFB22752ACD0058386A /* Base */ = {isa = PBXFileReference; lastKnownFileType = file.storyboard; name = Base; path = Base.lproj/LaunchScreen.storyboard; sourceTree = "<group>"; };
		DADFBAFD22752ACD0058386A /* Info.plist */ = {isa = PBXFileReference; lastKnownFileType = text.plist.xml; path = Info.plist; sourceTree = "<group>"; };
		DADFBB0222752ACD0058386A /* swiftCoursFinalProjTests.xctest */ = {isa = PBXFileReference; explicitFileType = wrapper.cfbundle; includeInIndex = 0; path = swiftCoursFinalProjTests.xctest; sourceTree = BUILT_PRODUCTS_DIR; };
		DADFBB0622752ACD0058386A /* swiftCoursFinalProjTests.swift */ = {isa = PBXFileReference; lastKnownFileType = sourcecode.swift; path = swiftCoursFinalProjTests.swift; sourceTree = "<group>"; };
		DADFBB0822752ACD0058386A /* Info.plist */ = {isa = PBXFileReference; lastKnownFileType = text.plist.xml; path = Info.plist; sourceTree = "<group>"; };
		DADFBB0D22752ACD0058386A /* swiftCoursFinalProjUITests.xctest */ = {isa = PBXFileReference; explicitFileType = wrapper.cfbundle; includeInIndex = 0; path = swiftCoursFinalProjUITests.xctest; sourceTree = BUILT_PRODUCTS_DIR; };
		DADFBB1122752ACD0058386A /* swiftCoursFinalProjUITests.swift */ = {isa = PBXFileReference; lastKnownFileType = sourcecode.swift; path = swiftCoursFinalProjUITests.swift; sourceTree = "<group>"; };
		DADFBB1322752ACD0058386A /* Info.plist */ = {isa = PBXFileReference; lastKnownFileType = text.plist.xml; path = Info.plist; sourceTree = "<group>"; };
/* End PBXFileReference section */

/* Begin PBXFrameworksBuildPhase section */
		DADFBAEB22752ACC0058386A /* Frameworks */ = {
			isa = PBXFrameworksBuildPhase;
			buildActionMask = 2147483647;
			files = (
			);
			runOnlyForDeploymentPostprocessing = 0;
		};
		DADFBAFF22752ACD0058386A /* Frameworks */ = {
			isa = PBXFrameworksBuildPhase;
			buildActionMask = 2147483647;
			files = (
			);
			runOnlyForDeploymentPostprocessing = 0;
		};
		DADFBB0A22752ACD0058386A /* Frameworks */ = {
			isa = PBXFrameworksBuildPhase;
			buildActionMask = 2147483647;
			files = (
			);
			runOnlyForDeploymentPostprocessing = 0;
		};
/* End PBXFrameworksBuildPhase section */

/* Begin PBXGroup section */
		DADFBAE522752ACC0058386A = {
			isa = PBXGroup;
			children = (
				DADFBAF022752ACC0058386A /* swiftCoursFinalProj */,
				DADFBB0522752ACD0058386A /* swiftCoursFinalProjTests */,
				DADFBB1022752ACD0058386A /* swiftCoursFinalProjUITests */,
				DADFBAEF22752ACC0058386A /* Products */,
			);
			sourceTree = "<group>";
		};
		DADFBAEF22752ACC0058386A /* Products */ = {
			isa = PBXGroup;
			children = (
				DADFBAEE22752ACC0058386A /* swiftCoursFinalProj.app */,
				DADFBB0222752ACD0058386A /* swiftCoursFinalProjTests.xctest */,
				DADFBB0D22752ACD0058386A /* swiftCoursFinalProjUITests.xctest */,
			);
			name = Products;
			sourceTree = "<group>";
		};
		DADFBAF022752ACC0058386A /* swiftCoursFinalProj */ = {
			isa = PBXGroup;
			children = (
				DADFBAF122752ACC0058386A /* AppDelegate.swift */,
				DADFBAF322752ACC0058386A /* ViewController.swift */,
				DADFBAF522752ACC0058386A /* Main.storyboard */,
				DADFBAF822752ACD0058386A /* Assets.xcassets */,
				DADFBAFA22752ACD0058386A /* LaunchScreen.storyboard */,
				DADFBAFD22752ACD0058386A /* Info.plist */,
			);
			path = swiftCoursFinalProj;
			sourceTree = "<group>";
		};
		DADFBB0522752ACD0058386A /* swiftCoursFinalProjTests */ = {
			isa = PBXGroup;
			children = (
				DADFBB0622752ACD0058386A /* swiftCoursFinalProjTests.swift */,
				DADFBB0822752ACD0058386A /* Info.plist */,
			);
			path = swiftCoursFinalProjTests;
			sourceTree = "<group>";
		};
		DADFBB1022752ACD0058386A /* swiftCoursFinalProjUITests */ = {
			isa = PBXGroup;
			children = (
				DADFBB1122752ACD0058386A /* swiftCoursFinalProjUITests.swift */,
				DADFBB1322752ACD0058386A /* Info.plist */,
			);
			path = swiftCoursFinalProjUITests;
			sourceTree = "<group>";
		};
/* End PBXGroup section */

/* Begin PBXNativeTarget section */
		DADFBAED22752ACC0058386A /* swiftCoursFinalProj */ = {
			isa = PBXNativeTarget;
			buildConfigurationList = DADFBB1622752ACD0058386A /* Build configuration list for PBXNativeTarget "swiftCoursFinalProj" */;
			buildPhases = (
				DADFBAEA22752ACC0058386A /* Sources */,
				DADFBAEB22752ACC0058386A /* Frameworks */,
				DADFBAEC22752ACC0058386A /* Resources */,
			);
			buildRules = (
			);
			dependencies = (
			);
			name = swiftCoursFinalProj;
			productName = swiftCoursFinalProj;
			productReference = DADFBAEE22752ACC0058386A /* swiftCoursFinalProj.app */;
			productType = "com.apple.product-type.application";
		};
		DADFBB0122752ACD0058386A /* swiftCoursFinalProjTests */ = {
			isa = PBXNativeTarget;
			buildConfigurationList = DADFBB1922752ACD0058386A /* Build configuration list for PBXNativeTarget "swiftCoursFinalProjTests" */;
			buildPhases = (
				DADFBAFE22752ACD0058386A /* Sources */,
				DADFBAFF22752ACD0058386A /* Frameworks */,
				DADFBB0022752ACD0058386A /* Resources */,
			);
			buildRules = (
			);
			dependencies = (
				DADFBB0422752ACD0058386A /* PBXTargetDependency */,
			);
			name = swiftCoursFinalProjTests;
			productName = swiftCoursFinalProjTests;
			productReference = DADFBB0222752ACD0058386A /* swiftCoursFinalProjTests.xctest */;
			productType = "com.apple.product-type.bundle.unit-test";
		};
		DADFBB0C22752ACD0058386A /* swiftCoursFinalProjUITests */ = {
			isa = PBXNativeTarget;
			buildConfigurationList = DADFBB1C22752ACD0058386A /* Build configuration list for PBXNativeTarget "swiftCoursFinalProjUITests" */;
			buildPhases = (
				DADFBB0922752ACD0058386A /* Sources */,
				DADFBB0A22752ACD0058386A /* Frameworks */,
				DADFBB0B22752ACD0058386A /* Resources */,
			);
			buildRules = (
			);
			dependencies = (
				DADFBB0F22752ACD0058386A /* PBXTargetDependency */,
			);
			name = swiftCoursFinalProjUITests;
			productName = swiftCoursFinalProjUITests;
			productReference = DADFBB0D22752ACD0058386A /* swiftCoursFinalProjUITests.xctest */;
			productType = "com.apple.product-type.bundle.ui-testing";
		};
/* End PBXNativeTarget section */

/* Begin PBXProject section */
		DADFBAE622752ACC0058386A /* Project object */ = {
			isa = PBXProject;
			attributes = {
				LastSwiftUpdateCheck = 1010;
				LastUpgradeCheck = 1010;
				ORGANIZATIONNAME = "James Steele";
				TargetAttributes = {
					DADFBAED22752ACC0058386A = {
						CreatedOnToolsVersion = 10.1;
					};
					DADFBB0122752ACD0058386A = {
						CreatedOnToolsVersion = 10.1;
						TestTargetID = DADFBAED22752ACC0058386A;
					};
					DADFBB0C22752ACD0058386A = {
						CreatedOnToolsVersion = 10.1;
						TestTargetID = DADFBAED22752ACC0058386A;
					};
				};
			};
			buildConfigurationList = DADFBAE922752ACC0058386A /* Build configuration list for PBXProject "swiftCoursFinalProj" */;
			compatibilityVersion = "Xcode 9.3";
			developmentRegion = en;
			hasScannedForEncodings = 0;
			knownRegions = (
				en,
				Base,
			);
			mainGroup = DADFBAE522752ACC0058386A;
			productRefGroup = DADFBAEF22752ACC0058386A /* Products */;
			projectDirPath = "";
			projectRoot = "";
			targets = (
				DADFBAED22752ACC0058386A /* swiftCoursFinalProj */,
				DADFBB0122752ACD0058386A /* swiftCoursFinalProjTests */,
				DADFBB0C22752ACD0058386A /* swiftCoursFinalProjUITests */,
			);
		};
/* End PBXProject section */

/* Begin PBXResourcesBuildPhase section */
		DADFBAEC22752ACC0058386A /* Resources */ = {
			isa = PBXResourcesBuildPhase;
			buildActionMask = 2147483647;
			files = (
				DADFBAFC22752ACD0058386A /* LaunchScreen.storyboard in Resources */,
				DADFBAF922752ACD0058386A /* Assets.xcassets in Resources */,
				DADFBAF722752ACC0058386A /* Main.storyboard in Resources */,
			);
			runOnlyForDeploymentPostprocessing = 0;
		};
		DADFBB0022752ACD0058386A /* Resources */ = {
			isa = PBXResourcesBuildPhase;
			buildActionMask = 2147483647;
			files = (
			);
			runOnlyForDeploymentPostprocessing = 0;
		};
		DADFBB0B22752ACD0058386A /* Resources */ = {
			isa = PBXResourcesBuildPhase;
			buildActionMask = 2147483647;
			files = (
			);
			runOnlyForDeploymentPostprocessing = 0;
		};
/* End PBXResourcesBuildPhase section */

/* Begin PBXSourcesBuildPhase section */
		DADFBAEA22752ACC0058386A /* Sources */ = {
			isa = PBXSourcesBuildPhase;
			buildActionMask = 2147483647;
			files = (
				DADFBAF422752ACC0058386A /* ViewController.swift in Sources */,
				DADFBAF222752ACC0058386A /* AppDelegate.swift in Sources */,
			);
			runOnlyForDeploymentPostprocessing = 0;
		};
		DADFBAFE22752ACD0058386A /* Sources */ = {
			isa = PBXSourcesBuildPhase;
			buildActionMask = 2147483647;
			files = (
				DADFBB0722752ACD0058386A /* swiftCoursFinalProjTests.swift in Sources */,
			);
			runOnlyForDeploymentPostprocessing = 0;
		};
		DADFBB0922752ACD0058386A /* Sources */ = {
			isa = PBXSourcesBuildPhase;
			buildActionMask = 2147483647;
			files = (
				DADFBB1222752ACD0058386A /* swiftCoursFinalProjUITests.swift in Sources */,
			);
			runOnlyForDeploymentPostprocessing = 0;
		};
/* End PBXSourcesBuildPhase section */

/* Begin PBXTargetDependency section */
		DADFBB0422752ACD0058386A /* PBXTargetDependency */ = {
			isa = PBXTargetDependency;
			target = DADFBAED22752ACC0058386A /* swiftCoursFinalProj */;
			targetProxy = DADFBB0322752ACD0058386A /* PBXContainerItemProxy */;
		};
		DADFBB0F22752ACD0058386A /* PBXTargetDependency */ = {
			isa = PBXTargetDependency;
			target = DADFBAED22752ACC0058386A /* swiftCoursFinalProj */;
			targetProxy = DADFBB0E22752ACD0058386A /* PBXContainerItemProxy */;
		};
/* End PBXTargetDependency section */

/* Begin PBXVariantGroup section */
		DADFBAF522752ACC0058386A /* Main.storyboard */ = {
			isa = PBXVariantGroup;
			children = (
				DADFBAF622752ACC0058386A /* Base */,
			);
			name = Main.storyboard;
			sourceTree = "<group>";
		};
		DADFBAFA22752ACD0058386A /* LaunchScreen.storyboard */ = {
			isa = PBXVariantGroup;
			children = (
				DADFBAFB22752ACD0058386A /* Base */,
			);
			name = LaunchScreen.storyboard;
			sourceTree = "<group>";
		};
/* End PBXVariantGroup section */

/* Begin XCBuildConfiguration section */
		DADFBB1422752ACD0058386A /* Debug */ = {
			isa = XCBuildConfiguration;
			buildSettings = {
				ALWAYS_SEARCH_USER_PATHS = NO;
				CLANG_ANALYZER_NONNULL = YES;
				CLANG_ANALYZER_NUMBER_OBJECT_CONVERSION = YES_AGGRESSIVE;
				CLANG_CXX_LANGUAGE_STANDARD = "gnu++14";
				CLANG_CXX_LIBRARY = "libc++";
				CLANG_ENABLE_MODULES = YES;
				CLANG_ENABLE_OBJC_ARC = YES;
				CLANG_ENABLE_OBJC_WEAK = YES;
				CLANG_WARN_BLOCK_CAPTURE_AUTORELEASING = YES;
				CLANG_WARN_BOOL_CONVERSION = YES;
				CLANG_WARN_COMMA = YES;
				CLANG_WARN_CONSTANT_CONVERSION = YES;
				CLANG_WARN_DEPRECATED_OBJC_IMPLEMENTATIONS = YES;
				CLANG_WARN_DIRECT_OBJC_ISA_USAGE = YES_ERROR;
				CLANG_WARN_DOCUMENTATION_COMMENTS = YES;
				CLANG_WARN_EMPTY_BODY = YES;
				CLANG_WARN_ENUM_CONVERSION = YES;
				CLANG_WARN_INFINITE_RECURSION = YES;
				CLANG_WARN_INT_CONVERSION = YES;
				CLANG_WARN_NON_LITERAL_NULL_CONVERSION = YES;
				CLANG_WARN_OBJC_IMPLICIT_RETAIN_SELF = YES;
				CLANG_WARN_OBJC_LITERAL_CONVERSION = YES;
				CLANG_WARN_OBJC_ROOT_CLASS = YES_ERROR;
				CLANG_WARN_RANGE_LOOP_ANALYSIS = YES;
				CLANG_WARN_STRICT_PROTOTYPES = YES;
				CLANG_WARN_SUSPICIOUS_MOVE = YES;
				CLANG_WARN_UNGUARDED_AVAILABILITY = YES_AGGRESSIVE;
				CLANG_WARN_UNREACHABLE_CODE = YES;
				CLANG_WARN__DUPLICATE_METHOD_MATCH = YES;
				CODE_SIGN_IDENTITY = "iPhone Developer";
				COPY_PHASE_STRIP = NO;
				DEBUG_INFORMATION_FORMAT = dwarf;
				ENABLE_STRICT_OBJC_MSGSEND = YES;
				ENABLE_TESTABILITY = YES;
				GCC_C_LANGUAGE_STANDARD = gnu11;
				GCC_DYNAMIC_NO_PIC = NO;
				GCC_NO_COMMON_BLOCKS = YES;
				GCC_OPTIMIZATION_LEVEL = 0;
				GCC_PREPROCESSOR_DEFINITIONS = (
					"DEBUG=1",
					"$(inherited)",
				);
				GCC_WARN_64_TO_32_BIT_CONVERSION = YES;
				GCC_WARN_ABOUT_RETURN_TYPE = YES_ERROR;
				GCC_WARN_UNDECLARED_SELECTOR = YES;
				GCC_WARN_UNINITIALIZED_AUTOS = YES_AGGRESSIVE;
				GCC_WARN_UNUSED_FUNCTION = YES;
				GCC_WARN_UNUSED_VARIABLE = YES;
				IPHONEOS_DEPLOYMENT_TARGET = 12.1;
				MTL_ENABLE_DEBUG_INFO = INCLUDE_SOURCE;
				MTL_FAST_MATH = YES;
				ONLY_ACTIVE_ARCH = YES;
				SDKROOT = iphoneos;
				SWIFT_ACTIVE_COMPILATION_CONDITIONS = DEBUG;
				SWIFT_OPTIMIZATION_LEVEL = "-Onone";
			};
			name = Debug;
		};
		DADFBB1522752ACD0058386A /* Release */ = {
			isa = XCBuildConfiguration;
			buildSettings = {
				ALWAYS_SEARCH_USER_PATHS = NO;
				CLANG_ANALYZER_NONNULL = YES;
				CLANG_ANALYZER_NUMBER_OBJECT_CONVERSION = YES_AGGRESSIVE;
				CLANG_CXX_LANGUAGE_STANDARD = "gnu++14";
				CLANG_CXX_LIBRARY = "libc++";
				CLANG_ENABLE_MODULES = YES;
				CLANG_ENABLE_OBJC_ARC = YES;
				CLANG_ENABLE_OBJC_WEAK = YES;
				CLANG_WARN_BLOCK_CAPTURE_AUTORELEASING = YES;
				CLANG_WARN_BOOL_CONVERSION = YES;
				CLANG_WARN_COMMA = YES;
				CLANG_WARN_CONSTANT_CONVERSION = YES;
				CLANG_WARN_DEPRECATED_OBJC_IMPLEMENTATIONS = YES;
				CLANG_WARN_DIRECT_OBJC_ISA_USAGE = YES_ERROR;
				CLANG_WARN_DOCUMENTATION_COMMENTS = YES;
				CLANG_WARN_EMPTY_BODY = YES;
				CLANG_WARN_ENUM_CONVERSION = YES;
				CLANG_WARN_INFINITE_RECURSION = YES;
				CLANG_WARN_INT_CONVERSION = YES;
				CLANG_WARN_NON_LITERAL_NULL_CONVERSION = YES;
				CLANG_WARN_OBJC_IMPLICIT_RETAIN_SELF = YES;
				CLANG_WARN_OBJC_LITERAL_CONVERSION = YES;
				CLANG_WARN_OBJC_ROOT_CLASS = YES_ERROR;
				CLANG_WARN_RANGE_LOOP_ANALYSIS = YES;
				CLANG_WARN_STRICT_PROTOTYPES = YES;
				CLANG_WARN_SUSPICIOUS_MOVE = YES;
				CLANG_WARN_UNGUARDED_AVAILABILITY = YES_AGGRESSIVE;
				CLANG_WARN_UNREACHABLE_CODE = YES;
				CLANG_WARN__DUPLICATE_METHOD_MATCH = YES;
				CODE_SIGN_IDENTITY = "iPhone Developer";
				COPY_PHASE_STRIP = NO;
				DEBUG_INFORMATION_FORMAT = "dwarf-with-dsym";
				ENABLE_NS_ASSERTIONS = NO;
				ENABLE_STRICT_OBJC_MSGSEND = YES;
				GCC_C_LANGUAGE_STANDARD = gnu11;
				GCC_NO_COMMON_BLOCKS = YES;
				GCC_WARN_64_TO_32_BIT_CONVERSION = YES;
				GCC_WARN_ABOUT_RETURN_TYPE = YES_ERROR;
				GCC_WARN_UNDECLARED_SELECTOR = YES;
				GCC_WARN_UNINITIALIZED_AUTOS = YES_AGGRESSIVE;
				GCC_WARN_UNUSED_FUNCTION = YES;
				GCC_WARN_UNUSED_VARIABLE = YES;
				IPHONEOS_DEPLOYMENT_TARGET = 12.1;
				MTL_ENABLE_DEBUG_INFO = NO;
				MTL_FAST_MATH = YES;
				SDKROOT = iphoneos;
				SWIFT_COMPILATION_MODE = wholemodule;
				SWIFT_OPTIMIZATION_LEVEL = "-O";
				VALIDATE_PRODUCT = YES;
			};
			name = Release;
		};
		DADFBB1722752ACD0058386A /* Debug */ = {
			isa = XCBuildConfiguration;
			buildSettings = {
				ASSETCATALOG_COMPILER_APPICON_NAME = AppIcon;
				CODE_SIGN_STYLE = Automatic;
				DEVELOPMENT_TEAM = FAW5Y96MB7;
				INFOPLIST_FILE = swiftCoursFinalProj/Info.plist;
				LD_RUNPATH_SEARCH_PATHS = (
					"$(inherited)",
					"@executable_path/Frameworks",
				);
				PRODUCT_BUNDLE_IDENTIFIER = jamessteele.swiftCoursFinalProj;
				PRODUCT_NAME = "$(TARGET_NAME)";
				SWIFT_VERSION = 4.2;
				TARGETED_DEVICE_FAMILY = "1,2";
			};
			name = Debug;
		};
		DADFBB1822752ACD0058386A /* Release */ = {
			isa = XCBuildConfiguration;
			buildSettings = {
				ASSETCATALOG_COMPILER_APPICON_NAME = AppIcon;
				CODE_SIGN_STYLE = Automatic;
				DEVELOPMENT_TEAM = FAW5Y96MB7;
				INFOPLIST_FILE = swiftCoursFinalProj/Info.plist;
				LD_RUNPATH_SEARCH_PATHS = (
					"$(inherited)",
					"@executable_path/Frameworks",
				);
				PRODUCT_BUNDLE_IDENTIFIER = jamessteele.swiftCoursFinalProj;
				PRODUCT_NAME = "$(TARGET_NAME)";
				SWIFT_VERSION = 4.2;
				TARGETED_DEVICE_FAMILY = "1,2";
			};
			name = Release;
		};
		DADFBB1A22752ACD0058386A /* Debug */ = {
			isa = XCBuildConfiguration;
			buildSettings = {
				ALWAYS_EMBED_SWIFT_STANDARD_LIBRARIES = YES;
				BUNDLE_LOADER = "$(TEST_HOST)";
				CODE_SIGN_STYLE = Automatic;
				DEVELOPMENT_TEAM = FAW5Y96MB7;
				INFOPLIST_FILE = swiftCoursFinalProjTests/Info.plist;
				LD_RUNPATH_SEARCH_PATHS = (
					"$(inherited)",
					"@executable_path/Frameworks",
					"@loader_path/Frameworks",
				);
				PRODUCT_BUNDLE_IDENTIFIER = jamessteele.swiftCoursFinalProjTests;
				PRODUCT_NAME = "$(TARGET_NAME)";
				SWIFT_VERSION = 4.2;
				TARGETED_DEVICE_FAMILY = "1,2";
				TEST_HOST = "$(BUILT_PRODUCTS_DIR)/swiftCoursFinalProj.app/swiftCoursFinalProj";
			};
			name = Debug;
		};
		DADFBB1B22752ACD0058386A /* Release */ = {
			isa = XCBuildConfiguration;
			buildSettings = {
				ALWAYS_EMBED_SWIFT_STANDARD_LIBRARIES = YES;
				BUNDLE_LOADER = "$(TEST_HOST)";
				CODE_SIGN_STYLE = Automatic;
				DEVELOPMENT_TEAM = FAW5Y96MB7;
				INFOPLIST_FILE = swiftCoursFinalProjTests/Info.plist;
				LD_RUNPATH_SEARCH_PATHS = (
					"$(inherited)",
					"@executable_path/Frameworks",
					"@loader_path/Frameworks",
				);
				PRODUCT_BUNDLE_IDENTIFIER = jamessteele.swiftCoursFinalProjTests;
				PRODUCT_NAME = "$(TARGET_NAME)";
				SWIFT_VERSION = 4.2;
				TARGETED_DEVICE_FAMILY = "1,2";
				TEST_HOST = "$(BUILT_PRODUCTS_DIR)/swiftCoursFinalProj.app/swiftCoursFinalProj";
			};
			name = Release;
		};
		DADFBB1D22752ACD0058386A /* Debug */ = {
			isa = XCBuildConfiguration;
			buildSettings = {
				ALWAYS_EMBED_SWIFT_STANDARD_LIBRARIES = YES;
				CODE_SIGN_STYLE = Automatic;
				DEVELOPMENT_TEAM = FAW5Y96MB7;
				INFOPLIST_FILE = swiftCoursFinalProjUITests/Info.plist;
				LD_RUNPATH_SEARCH_PATHS = (
					"$(inherited)",
					"@executable_path/Frameworks",
					"@loader_path/Frameworks",
				);
				PRODUCT_BUNDLE_IDENTIFIER = jamessteele.swiftCoursFinalProjUITests;
				PRODUCT_NAME = "$(TARGET_NAME)";
				SWIFT_VERSION = 4.2;
				TARGETED_DEVICE_FAMILY = "1,2";
				TEST_TARGET_NAME = swiftCoursFinalProj;
			};
			name = Debug;
		};
		DADFBB1E22752ACD0058386A /* Release */ = {
			isa = XCBuildConfiguration;
			buildSettings = {
				ALWAYS_EMBED_SWIFT_STANDARD_LIBRARIES = YES;
				CODE_SIGN_STYLE = Automatic;
				DEVELOPMENT_TEAM = FAW5Y96MB7;
				INFOPLIST_FILE = swiftCoursFinalProjUITests/Info.plist;
				LD_RUNPATH_SEARCH_PATHS = (
					"$(inherited)",
					"@executable_path/Frameworks",
					"@loader_path/Frameworks",
				);
				PRODUCT_BUNDLE_IDENTIFIER = jamessteele.swiftCoursFinalProjUITests;
				PRODUCT_NAME = "$(TARGET_NAME)";
				SWIFT_VERSION = 4.2;
				TARGETED_DEVICE_FAMILY = "1,2";
				TEST_TARGET_NAME = swiftCoursFinalProj;
			};
			name = Release;
		};
/* End XCBuildConfiguration section */

/* Begin XCConfigurationList section */
		DADFBAE922752ACC0058386A /* Build configuration list for PBXProject "swiftCoursFinalProj" */ = {
			isa = XCConfigurationList;
			buildConfigurations = (
				DADFBB1422752ACD0058386A /* Debug */,
				DADFBB1522752ACD0058386A /* Release */,
			);
			defaultConfigurationIsVisible = 0;
			defaultConfigurationName = Release;
		};
		DADFBB1622752ACD0058386A /* Build configuration list for PBXNativeTarget "swiftCoursFinalProj" */ = {
			isa = XCConfigurationList;
			buildConfigurations = (
				DADFBB1722752ACD0058386A /* Debug */,
				DADFBB1822752ACD0058386A /* Release */,
			);
			defaultConfigurationIsVisible = 0;
			defaultConfigurationName = Release;
		};
		DADFBB1922752ACD0058386A /* Build configuration list for PBXNativeTarget "swiftCoursFinalProjTests" */ = {
			isa = XCConfigurationList;
			buildConfigurations = (
				DADFBB1A22752ACD0058386A /* Debug */,
				DADFBB1B22752ACD0058386A /* Release */,
			);
			defaultConfigurationIsVisible = 0;
			defaultConfigurationName = Release;
		};
		DADFBB1C22752ACD0058386A /* Build configuration list for PBXNativeTarget "swiftCoursFinalProjUITests" */ = {
			isa = XCConfigurationList;
			buildConfigurations = (
				DADFBB1D22752ACD0058386A /* Debug */,
				DADFBB1E22752ACD0058386A /* Release */,
			);
			defaultConfigurationIsVisible = 0;
			defaultConfigurationName = Release;
		};
/* End XCConfigurationList section */
	};
	rootObject = DADFBAE622752ACC0058386A /* Project object */;
}
